{
  "name": "@_nazmiforreal/flutter-ota",
  "version": "0.1.25",
  "lockfileVersion": 3,
  "requires": true,
  "packages": {
    "": {
      "name": "@_nazmiforreal/flutter-ota",
      "version": "0.1.25",
      "hasInstallScript": true,
      "license": "MIT",
      "bin": {
        "flutter-ota": "bin/flutter-ota.js"
      },
      "engines": {
        "node": ">=16"
      }
    }
  }
}
